
Microsoft Visual Studio Solution File, Format Version 12.00
Project("{FAE04EC0-301F-11D3-BF4B-00C04F79EFBC}") = "MashiruDaily", "MashiruDaily\MashiruDaily.csproj", "{A802307F-986B-4120-BC1A-04F5C9095A17}"
EndProject
Project("{FAE04EC0-301F-11D3-BF4B-00C04F79EFBC}") = "MashiruDaily.Android", "MashiruDaily.Android\MashiruDaily.Android.csproj", "{C9F70C9A-04C5-4AD5-A033-6712C837C4FF}"
EndProject
Project("{FAE04EC0-301F-11D3-BF4B-00C04F79EFBC}") = "MashiruDaily.Desktop", "MashiruDaily.Desktop\MashiruDaily.Desktop.csproj", "{7DB2C70F-F5DB-42D5-BC85-BC679939CB79}"
EndProject
Project("{FAE04EC0-301F-11D3-BF4B-00C04F79EFBC}") = "MashiruDaily.iOS", "MashiruDaily.iOS\MashiruDaily.iOS.csproj", "{4606F8D6-D35C-4A96-8B6A-95A34413C7FB}"
EndProject
Project("{FAE04EC0-301F-11D3-BF4B-00C04F79EFBC}") = "MashiruDaily.Browser", "MashiruDaily.Browser\MashiruDaily.Browser.csproj", "{B6CC2CFB-E155-46FB-8690-C4E7E63CAAA4}"
EndProject
Project("{FAE04EC0-301F-11D3-BF4B-00C04F79EFBC}") = "MashiruDaily.Tests", "MashiruDaily.Tests\MashiruDaily.Tests.csproj", "{F0AD3934-AD94-4033-AF19-0FFF4C05C018}"
EndProject
Project("{FAE04EC0-301F-11D3-BF4B-00C04F79EFBC}") = "MashiruDaily.Tui", "MashiruDaily.Tui\MashiruDaily.Tui.csproj", "{8A45BFDA-A3FC-4834-AD06-33F2EA52C6EC}"
EndProject
Project("{FAE04EC0-301F-11D3-BF4B-00C04F79EFBC}") = "MashiruDaily.Core", "MashiruDaily.Core\MashiruDaily.Core.csproj", "{B44B344D-894A-41C9-B196-7B390E4C1768}"
EndProject
Global
	GlobalSection(SolutionConfigurationPlatforms) = preSolution
		Debug|Any CPU = Debug|Any CPU
		Debug|x64 = Debug|x64
		Debug|x86 = Debug|x86
		Release|Any CPU = Release|Any CPU
		Release|x64 = Release|x64
		Release|x86 = Release|x86
	EndGlobalSection
	GlobalSection(ProjectConfigurationPlatforms) = postSolution
		{A802307F-986B-4120-BC1A-04F5C9095A17}.Debug|Any CPU.ActiveCfg = Debug|Any CPU
		{A802307F-986B-4120-BC1A-04F5C9095A17}.Debug|Any CPU.Build.0 = Debug|Any CPU
		{A802307F-986B-4120-BC1A-04F5C9095A17}.Debug|x64.ActiveCfg = Debug|Any CPU
		{A802307F-986B-4120-BC1A-04F5C9095A17}.Debug|x64.Build.0 = Debug|Any CPU
		{A802307F-986B-4120-BC1A-04F5C9095A17}.Debug|x86.ActiveCfg = Debug|Any CPU
		{A802307F-986B-4120-BC1A-04F5C9095A17}.Debug|x86.Build.0 = Debug|Any CPU
		{A802307F-986B-4120-BC1A-04F5C9095A17}.Release|Any CPU.ActiveCfg = Release|Any CPU
		{A802307F-986B-4120-BC1A-04F5C9095A17}.Release|Any CPU.Build.0 = Release|Any CPU
		{A802307F-986B-4120-BC1A-04F5C9095A17}.Release|x64.ActiveCfg = Release|Any CPU
		{A802307F-986B-4120-BC1A-04F5C9095A17}.Release|x64.Build.0 = Release|Any CPU
		{A802307F-986B-4120-BC1A-04F5C9095A17}.Release|x86.ActiveCfg = Release|Any CPU
		{A802307F-986B-4120-BC1A-04F5C9095A17}.Release|x86.Build.0 = Release|Any CPU
		{C9F70C9A-04C5-4AD5-A033-6712C837C4FF}.Debug|Any CPU.ActiveCfg = Debug|Any CPU
		{C9F70C9A-04C5-4AD5-A033-6712C837C4FF}.Debug|Any CPU.Build.0 = Debug|Any CPU
		{C9F70C9A-04C5-4AD5-A033-6712C837C4FF}.Debug|Any CPU.Deploy.0 = Debug|Any CPU
		{C9F70C9A-04C5-4AD5-A033-6712C837C4FF}.Debug|x64.ActiveCfg = Debug|Any CPU
		{C9F70C9A-04C5-4AD5-A033-6712C837C4FF}.Debug|x64.Build.0 = Debug|Any CPU
		{C9F70C9A-04C5-4AD5-A033-6712C837C4FF}.Debug|x86.ActiveCfg = Debug|Any CPU
		{C9F70C9A-04C5-4AD5-A033-6712C837C4FF}.Debug|x86.Build.0 = Debug|Any CPU
		{C9F70C9A-04C5-4AD5-A033-6712C837C4FF}.Release|Any CPU.ActiveCfg = Release|Any CPU
		{C9F70C9A-04C5-4AD5-A033-6712C837C4FF}.Release|Any CPU.Build.0 = Release|Any CPU
		{C9F70C9A-04C5-4AD5-A033-6712C837C4FF}.Release|Any CPU.Deploy.0 = Release|Any CPU
		{C9F70C9A-04C5-4AD5-A033-6712C837C4FF}.Release|x64.ActiveCfg = Release|Any CPU
		{C9F70C9A-04C5-4AD5-A033-6712C837C4FF}.Release|x64.Build.0 = Release|Any CPU
		{C9F70C9A-04C5-4AD5-A033-6712C837C4FF}.Release|x86.ActiveCfg = Release|Any CPU
		{C9F70C9A-04C5-4AD5-A033-6712C837C4FF}.Release|x86.Build.0 = Release|Any CPU
		{7DB2C70F-F5DB-42D5-BC85-BC679939CB79}.Debug|Any CPU.ActiveCfg = Debug|Any CPU
		{7DB2C70F-F5DB-42D5-BC85-BC679939CB79}.Debug|Any CPU.Build.0 = Debug|Any CPU
		{7DB2C70F-F5DB-42D5-BC85-BC679939CB79}.Debug|x64.ActiveCfg = Debug|Any CPU
		{7DB2C70F-F5DB-42D5-BC85-BC679939CB79}.Debug|x64.Build.0 = Debug|Any CPU
		{7DB2C70F-F5DB-42D5-BC85-BC679939CB79}.Debug|x86.ActiveCfg = Debug|Any CPU
		{7DB2C70F-F5DB-42D5-BC85-BC679939CB79}.Debug|x86.Build.0 = Debug|Any CPU
		{7DB2C70F-F5DB-42D5-BC85-BC679939CB79}.Release|Any CPU.ActiveCfg = Release|Any CPU
		{7DB2C70F-F5DB-42D5-BC85-BC679939CB79}.Release|Any CPU.Build.0 = Release|Any CPU
		{7DB2C70F-F5DB-42D5-BC85-BC679939CB79}.Release|x64.ActiveCfg = Release|Any CPU
		{7DB2C70F-F5DB-42D5-BC85-BC679939CB79}.Release|x64.Build.0 = Release|Any CPU
		{7DB2C70F-F5DB-42D5-BC85-BC679939CB79}.Release|x86.ActiveCfg = Release|Any CPU
		{7DB2C70F-F5DB-42D5-BC85-BC679939CB79}.Release|x86.Build.0 = Release|Any CPU
		{4606F8D6-D35C-4A96-8B6A-95A34413C7FB}.Debug|Any CPU.ActiveCfg = Debug|Any CPU
		{4606F8D6-D35C-4A96-8B6A-95A34413C7FB}.Debug|Any CPU.Build.0 = Debug|Any CPU
		{4606F8D6-D35C-4A96-8B6A-95A34413C7FB}.Debug|Any CPU.Deploy.0 = Debug|Any CPU
		{4606F8D6-D35C-4A96-8B6A-95A34413C7FB}.Debug|x64.ActiveCfg = Debug|Any CPU
		{4606F8D6-D35C-4A96-8B6A-95A34413C7FB}.Debug|x64.Build.0 = Debug|Any CPU
		{4606F8D6-D35C-4A96-8B6A-95A34413C7FB}.Debug|x86.ActiveCfg = Debug|Any CPU
		{4606F8D6-D35C-4A96-8B6A-95A34413C7FB}.Debug|x86.Build.0 = Debug|Any CPU
		{4606F8D6-D35C-4A96-8B6A-95A34413C7FB}.Release|Any CPU.ActiveCfg = Release|Any CPU
		{4606F8D6-D35C-4A96-8B6A-95A34413C7FB}.Release|Any CPU.Build.0 = Release|Any CPU
		{4606F8D6-D35C-4A96-8B6A-95A34413C7FB}.Release|Any CPU.Deploy.0 = Release|Any CPU
		{4606F8D6-D35C-4A96-8B6A-95A34413C7FB}.Release|x64.ActiveCfg = Release|Any CPU
		{4606F8D6-D35C-4A96-8B6A-95A34413C7FB}.Release|x64.Build.0 = Release|Any CPU
		{4606F8D6-D35C-4A96-8B6A-95A34413C7FB}.Release|x86.ActiveCfg = Release|Any CPU
		{4606F8D6-D35C-4A96-8B6A-95A34413C7FB}.Release|x86.Build.0 = Release|Any CPU
		{B6CC2CFB-E155-46FB-8690-C4E7E63CAAA4}.Debug|Any CPU.ActiveCfg = Debug|Any CPU
		{B6CC2CFB-E155-46FB-8690-C4E7E63CAAA4}.Debug|Any CPU.Build.0 = Debug|Any CPU
		{B6CC2CFB-E155-46FB-8690-C4E7E63CAAA4}.Debug|x64.ActiveCfg = Debug|Any CPU
		{B6CC2CFB-E155-46FB-8690-C4E7E63CAAA4}.Debug|x64.Build.0 = Debug|Any CPU
		{B6CC2CFB-E155-46FB-8690-C4E7E63CAAA4}.Debug|x86.ActiveCfg = Debug|Any CPU
		{B6CC2CFB-E155-46FB-8690-C4E7E63CAAA4}.Debug|x86.Build.0 = Debug|Any CPU
		{B6CC2CFB-E155-46FB-8690-C4E7E63CAAA4}.Release|Any CPU.ActiveCfg = Release|Any CPU
		{B6CC2CFB-E155-46FB-8690-C4E7E63CAAA4}.Release|Any CPU.Build.0 = Release|Any CPU
		{B6CC2CFB-E155-46FB-8690-C4E7E63CAAA4}.Release|x64.ActiveCfg = Release|Any CPU
		{B6CC2CFB-E155-46FB-8690-C4E7E63CAAA4}.Release|x64.Build.0 = Release|Any CPU
		{B6CC2CFB-E155-46FB-8690-C4E7E63CAAA4}.Release|x86.ActiveCfg = Release|Any CPU
		{B6CC2CFB-E155-46FB-8690-C4E7E63CAAA4}.Release|x86.Build.0 = Release|Any CPU
		{F0AD3934-AD94-4033-AF19-0FFF4C05C018}.Debug|Any CPU.ActiveCfg = Debug|Any CPU
		{F0AD3934-AD94-4033-AF19-0FFF4C05C018}.Debug|Any CPU.Build.0 = Debug|Any CPU
		{F0AD3934-AD94-4033-AF19-0FFF4C05C018}.Debug|x64.ActiveCfg = Debug|Any CPU
		{F0AD3934-AD94-4033-AF19-0FFF4C05C018}.Debug|x64.Build.0 = Debug|Any CPU
		{F0AD3934-AD94-4033-AF19-0FFF4C05C018}.Debug|x86.ActiveCfg = Debug|Any CPU
		{F0AD3934-AD94-4033-AF19-0FFF4C05C018}.Debug|x86.Build.0 = Debug|Any CPU
		{F0AD3934-AD94-4033-AF19-0FFF4C05C018}.Release|Any CPU.ActiveCfg = Release|Any CPU
		{F0AD3934-AD94-4033-AF19-0FFF4C05C018}.Release|Any CPU.Build.0 = Release|Any CPU
		{F0AD3934-AD94-4033-AF19-0FFF4C05C018}.Release|x64.ActiveCfg = Release|Any CPU
		{F0AD3934-AD94-4033-AF19-0FFF4C05C018}.Release|x64.Build.0 = Release|Any CPU
		{F0AD3934-AD94-4033-AF19-0FFF4C05C018}.Release|x86.ActiveCfg = Release|Any CPU
		{F0AD3934-AD94-4033-AF19-0FFF4C05C018}.Release|x86.Build.0 = Release|Any CPU
		{8A45BFDA-A3FC-4834-AD06-33F2EA52C6EC}.Debug|Any CPU.ActiveCfg = Debug|Any CPU
		{8A45BFDA-A3FC-4834-AD06-33F2EA52C6EC}.Debug|Any CPU.Build.0 = Debug|Any CPU
		{8A45BFDA-A3FC-4834-AD06-33F2EA52C6EC}.Debug|x64.ActiveCfg = Debug|Any CPU
		{8A45BFDA-A3FC-4834-AD06-33F2EA52C6EC}.Debug|x64.Build.0 = Debug|Any CPU
		{8A45BFDA-A3FC-4834-AD06-33F2EA52C6EC}.Debug|x86.ActiveCfg = Debug|Any CPU
		{8A45BFDA-A3FC-4834-AD06-33F2EA52C6EC}.Debug|x86.Build.0 = Debug|Any CPU
		{8A45BFDA-A3FC-4834-AD06-33F2EA52C6EC}.Release|Any CPU.ActiveCfg = Release|Any CPU
		{8A45BFDA-A3FC-4834-AD06-33F2EA52C6EC}.Release|Any CPU.Build.0 = Release|Any CPU
		{8A45BFDA-A3FC-4834-AD06-33F2EA52C6EC}.Release|x64.ActiveCfg = Release|Any CPU
		{8A45BFDA-A3FC-4834-AD06-33F2EA52C6EC}.Release|x64.Build.0 = Release|Any CPU
		{8A45BFDA-A3FC-4834-AD06-33F2EA52C6EC}.Release|x86.ActiveCfg = Release|Any CPU
		{8A45BFDA-A3FC-4834-AD06-33F2EA52C6EC}.Release|x86.Build.0 = Release|Any CPU
		{B44B344D-894A-41C9-B196-7B390E4C1768}.Debug|Any CPU.ActiveCfg = Debug|Any CPU
		{B44B344D-894A-41C9-B196-7B390E4C1768}.Debug|Any CPU.Build.0 = Debug|Any CPU
		{B44B344D-894A-41C9-B196-7B390E4C1768}.Debug|x64.ActiveCfg = Debug|Any CPU
		{B44B344D-894A-41C9-B196-7B390E4C1768}.Debug|x64.Build.0 = Debug|Any CPU
		{B44B344D-894A-41C9-B196-7B390E4C1768}.Debug|x86.ActiveCfg = Debug|Any CPU
		{B44B344D-894A-41C9-B196-7B390E4C1768}.Debug|x86.Build.0 = Debug|Any CPU
		{B44B344D-894A-41C9-B196-7B390E4C1768}.Release|Any CPU.ActiveCfg = Release|Any CPU
		{B44B344D-894A-41C9-B196-7B390E4C1768}.Release|Any CPU.Build.0 = Release|Any CPU
		{B44B344D-894A-41C9-B196-7B390E4C1768}.Release|x64.ActiveCfg = Release|Any CPU
		{B44B344D-894A-41C9-B196-7B390E4C1768}.Release|x64.Build.0 = Release|Any CPU
		{B44B344D-894A-41C9-B196-7B390E4C1768}.Release|x86.ActiveCfg = Release|Any CPU
		{B44B344D-894A-41C9-B196-7B390E4C1768}.Release|x86.Build.0 = Release|Any CPU
	EndGlobalSection
	GlobalSection(SolutionProperties) = preSolution
		HideSolutionNode = FALSE
	EndGlobalSection
EndGlobal
